
Microsoft Visual Studio Solution File, Format Version 12.00
# Visual Studio 15
VisualStudioVersion = 15.0.27428.2043
MinimumVisualStudioVersion = 10.0.40219.1
Project("{FAE04EC0-301F-11D3-BF4B-00C04F79EFBC}") = "Cassoway.Forms.Android", "Cassoway.Forms\Cassoway.Forms.Android\Cassoway.Forms.Android.csproj", "{0A2B4425-3A26-4FB5-A3D0-CB57D0D25933}"
EndProject
Project("{FAE04EC0-301F-11D3-BF4B-00C04F79EFBC}") = "Cassoway.Forms.iOS", "Cassoway.Forms\Cassoway.Forms.iOS\Cassoway.Forms.iOS.csproj", "{86D683C8-0029-44A7-8ED1-7A716100812D}"
EndProject
Project("{FAE04EC0-301F-11D3-BF4B-00C04F79EFBC}") = "Cassoway.Forms.UWP", "Cassoway.Forms\Cassoway.Forms.UWP\Cassoway.Forms.UWP.csproj", "{FA84895C-4310-43F3-86DC-4FAB1DC295B2}"
EndProject
Project("{FAE04EC0-301F-11D3-BF4B-00C04F79EFBC}") = "Cassoway.Forms", "Cassoway.Forms\Cassoway.Forms\Cassoway.Forms.csproj", "{5F374C5A-9087-42CC-8A97-E850D10BDCBC}"
EndProject
Project("{FAE04EC0-301F-11D3-BF4B-00C04F79EFBC}") = "Cassowary.Forms.UnitTest", "Cassowary.Forms.UnitTest\Cassowary.Forms.UnitTest.csproj", "{53347011-CD01-4A8D-B94E-E5F2CFDDE9C3}"
EndProject
Project("{FAE04EC0-301F-11D3-BF4B-00C04F79EFBC}") = "Cassowary.NetStandard", "Cassowary.NetStandard\Cassowary.NetStandard.csproj", "{0EA000DF-4178-4678-8CB5-0D4DBE73BDC8}"
EndProject
Global
	GlobalSection(SolutionConfigurationPlatforms) = preSolution
		Ad-Hoc|Any CPU = Ad-Hoc|Any CPU
		Ad-Hoc|ARM = Ad-Hoc|ARM
		Ad-Hoc|iPhone = Ad-Hoc|iPhone
		Ad-Hoc|iPhoneSimulator = Ad-Hoc|iPhoneSimulator
		Ad-Hoc|x64 = Ad-Hoc|x64
		Ad-Hoc|x86 = Ad-Hoc|x86
		AppStore|Any CPU = AppStore|Any CPU
		AppStore|ARM = AppStore|ARM
		AppStore|iPhone = AppStore|iPhone
		AppStore|iPhoneSimulator = AppStore|iPhoneSimulator
		AppStore|x64 = AppStore|x64
		AppStore|x86 = AppStore|x86
		Debug|Any CPU = Debug|Any CPU
		Debug|ARM = Debug|ARM
		Debug|iPhone = Debug|iPhone
		Debug|iPhoneSimulator = Debug|iPhoneSimulator
		Debug|x64 = Debug|x64
		Debug|x86 = Debug|x86
		Release|Any CPU = Release|Any CPU
		Release|ARM = Release|ARM
		Release|iPhone = Release|iPhone
		Release|iPhoneSimulator = Release|iPhoneSimulator
		Release|x64 = Release|x64
		Release|x86 = Release|x86
	EndGlobalSection
	GlobalSection(ProjectConfigurationPlatforms) = postSolution
		{0A2B4425-3A26-4FB5-A3D0-CB57D0D25933}.Ad-Hoc|Any CPU.ActiveCfg = Release|Any CPU
		{0A2B4425-3A26-4FB5-A3D0-CB57D0D25933}.Ad-Hoc|Any CPU.Build.0 = Release|Any CPU
		{0A2B4425-3A26-4FB5-A3D0-CB57D0D25933}.Ad-Hoc|Any CPU.Deploy.0 = Release|Any CPU
		{0A2B4425-3A26-4FB5-A3D0-CB57D0D25933}.Ad-Hoc|ARM.ActiveCfg = Release|Any CPU
		{0A2B4425-3A26-4FB5-A3D0-CB57D0D25933}.Ad-Hoc|ARM.Build.0 = Release|Any CPU
		{0A2B4425-3A26-4FB5-A3D0-CB57D0D25933}.Ad-Hoc|ARM.Deploy.0 = Release|Any CPU
		{0A2B4425-3A26-4FB5-A3D0-CB57D0D25933}.Ad-Hoc|iPhone.ActiveCfg = Release|Any CPU
		{0A2B4425-3A26-4FB5-A3D0-CB57D0D25933}.Ad-Hoc|iPhone.Build.0 = Release|Any CPU
		{0A2B4425-3A26-4FB5-A3D0-CB57D0D25933}.Ad-Hoc|iPhone.Deploy.0 = Release|Any CPU
		{0A2B4425-3A26-4FB5-A3D0-CB57D0D25933}.Ad-Hoc|iPhoneSimulator.ActiveCfg = Release|Any CPU
		{0A2B4425-3A26-4FB5-A3D0-CB57D0D25933}.Ad-Hoc|iPhoneSimulator.Build.0 = Release|Any CPU
		{0A2B4425-3A26-4FB5-A3D0-CB57D0D25933}.Ad-Hoc|iPhoneSimulator.Deploy.0 = Release|Any CPU
		{0A2B4425-3A26-4FB5-A3D0-CB57D0D25933}.Ad-Hoc|x64.ActiveCfg = Release|Any CPU
		{0A2B4425-3A26-4FB5-A3D0-CB57D0D25933}.Ad-Hoc|x64.Build.0 = Release|Any CPU
		{0A2B4425-3A26-4FB5-A3D0-CB57D0D25933}.Ad-Hoc|x64.Deploy.0 = Release|Any CPU
		{0A2B4425-3A26-4FB5-A3D0-CB57D0D25933}.Ad-Hoc|x86.ActiveCfg = Release|Any CPU
		{0A2B4425-3A26-4FB5-A3D0-CB57D0D25933}.Ad-Hoc|x86.Build.0 = Release|Any CPU
		{0A2B4425-3A26-4FB5-A3D0-CB57D0D25933}.Ad-Hoc|x86.Deploy.0 = Release|Any CPU
		{0A2B4425-3A26-4FB5-A3D0-CB57D0D25933}.AppStore|Any CPU.ActiveCfg = Release|Any CPU
		{0A2B4425-3A26-4FB5-A3D0-CB57D0D25933}.AppStore|Any CPU.Build.0 = Release|Any CPU
		{0A2B4425-3A26-4FB5-A3D0-CB57D0D25933}.AppStore|Any CPU.Deploy.0 = Release|Any CPU
		{0A2B4425-3A26-4FB5-A3D0-CB57D0D25933}.AppStore|ARM.ActiveCfg = Release|Any CPU
		{0A2B4425-3A26-4FB5-A3D0-CB57D0D25933}.AppStore|ARM.Build.0 = Release|Any CPU
		{0A2B4425-3A26-4FB5-A3D0-CB57D0D25933}.AppStore|ARM.Deploy.0 = Release|Any CPU
		{0A2B4425-3A26-4FB5-A3D0-CB57D0D25933}.AppStore|iPhone.ActiveCfg = Release|Any CPU
		{0A2B4425-3A26-4FB5-A3D0-CB57D0D25933}.AppStore|iPhone.Build.0 = Release|Any CPU
		{0A2B4425-3A26-4FB5-A3D0-CB57D0D25933}.AppStore|iPhone.Deploy.0 = Release|Any CPU
		{0A2B4425-3A26-4FB5-A3D0-CB57D0D25933}.AppStore|iPhoneSimulator.ActiveCfg = Release|Any CPU
		{0A2B4425-3A26-4FB5-A3D0-CB57D0D25933}.AppStore|iPhoneSimulator.Build.0 = Release|Any CPU
		{0A2B4425-3A26-4FB5-A3D0-CB57D0D25933}.AppStore|iPhoneSimulator.Deploy.0 = Release|Any CPU
		{0A2B4425-3A26-4FB5-A3D0-CB57D0D25933}.AppStore|x64.ActiveCfg = Release|Any CPU
		{0A2B4425-3A26-4FB5-A3D0-CB57D0D25933}.AppStore|x64.Build.0 = Release|Any CPU
		{0A2B4425-3A26-4FB5-A3D0-CB57D0D25933}.AppStore|x64.Deploy.0 = Release|Any CPU
		{0A2B4425-3A26-4FB5-A3D0-CB57D0D25933}.AppStore|x86.ActiveCfg = Release|Any CPU
		{0A2B4425-3A26-4FB5-A3D0-CB57D0D25933}.AppStore|x86.Build.0 = Release|Any CPU
		{0A2B4425-3A26-4FB5-A3D0-CB57D0D25933}.AppStore|x86.Deploy.0 = Release|Any CPU
		{0A2B4425-3A26-4FB5-A3D0-CB57D0D25933}.Debug|Any CPU.ActiveCfg = Debug|Any CPU
		{0A2B4425-3A26-4FB5-A3D0-CB57D0D25933}.Debug|Any CPU.Build.0 = Debug|Any CPU
		{0A2B4425-3A26-4FB5-A3D0-CB57D0D25933}.Debug|Any CPU.Deploy.0 = Debug|Any CPU
		{0A2B4425-3A26-4FB5-A3D0-CB57D0D25933}.Debug|ARM.ActiveCfg = Debug|Any CPU
		{0A2B4425-3A26-4FB5-A3D0-CB57D0D25933}.Debug|ARM.Build.0 = Debug|Any CPU
		{0A2B4425-3A26-4FB5-A3D0-CB57D0D25933}.Debug|ARM.Deploy.0 = Debug|Any CPU
		{0A2B4425-3A26-4FB5-A3D0-CB57D0D25933}.Debug|iPhone.ActiveCfg = Debug|Any CPU
		{0A2B4425-3A26-4FB5-A3D0-CB57D0D25933}.Debug|iPhone.Build.0 = Debug|Any CPU
		{0A2B4425-3A26-4FB5-A3D0-CB57D0D25933}.Debug|iPhone.Deploy.0 = Debug|Any CPU
		{0A2B4425-3A26-4FB5-A3D0-CB57D0D25933}.Debug|iPhoneSimulator.ActiveCfg = Debug|Any CPU
		{0A2B4425-3A26-4FB5-A3D0-CB57D0D25933}.Debug|iPhoneSimulator.Build.0 = Debug|Any CPU
		{0A2B4425-3A26-4FB5-A3D0-CB57D0D25933}.Debug|iPhoneSimulator.Deploy.0 = Debug|Any CPU
		{0A2B4425-3A26-4FB5-A3D0-CB57D0D25933}.Debug|x64.ActiveCfg = Debug|Any CPU
		{0A2B4425-3A26-4FB5-A3D0-CB57D0D25933}.Debug|x64.Build.0 = Debug|Any CPU
		{0A2B4425-3A26-4FB5-A3D0-CB57D0D25933}.Debug|x64.Deploy.0 = Debug|Any CPU
		{0A2B4425-3A26-4FB5-A3D0-CB57D0D25933}.Debug|x86.ActiveCfg = Debug|Any CPU
		{0A2B4425-3A26-4FB5-A3D0-CB57D0D25933}.Debug|x86.Build.0 = Debug|Any CPU
		{0A2B4425-3A26-4FB5-A3D0-CB57D0D25933}.Debug|x86.Deploy.0 = Debug|Any CPU
		{0A2B4425-3A26-4FB5-A3D0-CB57D0D25933}.Release|Any CPU.ActiveCfg = Release|Any CPU
		{0A2B4425-3A26-4FB5-A3D0-CB57D0D25933}.Release|Any CPU.Build.0 = Release|Any CPU
		{0A2B4425-3A26-4FB5-A3D0-CB57D0D25933}.Release|Any CPU.Deploy.0 = Release|Any CPU
		{0A2B4425-3A26-4FB5-A3D0-CB57D0D25933}.Release|ARM.ActiveCfg = Release|Any CPU
		{0A2B4425-3A26-4FB5-A3D0-CB57D0D25933}.Release|ARM.Build.0 = Release|Any CPU
		{0A2B4425-3A26-4FB5-A3D0-CB57D0D25933}.Release|ARM.Deploy.0 = Release|Any CPU
		{0A2B4425-3A26-4FB5-A3D0-CB57D0D25933}.Release|iPhone.ActiveCfg = Release|Any CPU
		{0A2B4425-3A26-4FB5-A3D0-CB57D0D25933}.Release|iPhone.Build.0 = Release|Any CPU
		{0A2B4425-3A26-4FB5-A3D0-CB57D0D25933}.Release|iPhone.Deploy.0 = Release|Any CPU
		{0A2B4425-3A26-4FB5-A3D0-CB57D0D25933}.Release|iPhoneSimulator.ActiveCfg = Release|Any CPU
		{0A2B4425-3A26-4FB5-A3D0-CB57D0D25933}.Release|iPhoneSimulator.Build.0 = Release|Any CPU
		{0A2B4425-3A26-4FB5-A3D0-CB57D0D25933}.Release|iPhoneSimulator.Deploy.0 = Release|Any CPU
		{0A2B4425-3A26-4FB5-A3D0-CB57D0D25933}.Release|x64.ActiveCfg = Release|Any CPU
		{0A2B4425-3A26-4FB5-A3D0-CB57D0D25933}.Release|x64.Build.0 = Release|Any CPU
		{0A2B4425-3A26-4FB5-A3D0-CB57D0D25933}.Release|x64.Deploy.0 = Release|Any CPU
		{0A2B4425-3A26-4FB5-A3D0-CB57D0D25933}.Release|x86.ActiveCfg = Release|Any CPU
		{0A2B4425-3A26-4FB5-A3D0-CB57D0D25933}.Release|x86.Build.0 = Release|Any CPU
		{0A2B4425-3A26-4FB5-A3D0-CB57D0D25933}.Release|x86.Deploy.0 = Release|Any CPU
		{86D683C8-0029-44A7-8ED1-7A716100812D}.Ad-Hoc|Any CPU.ActiveCfg = Ad-Hoc|iPhone
		{86D683C8-0029-44A7-8ED1-7A716100812D}.Ad-Hoc|ARM.ActiveCfg = Ad-Hoc|iPhone
		{86D683C8-0029-44A7-8ED1-7A716100812D}.Ad-Hoc|iPhone.ActiveCfg = Ad-Hoc|iPhone
		{86D683C8-0029-44A7-8ED1-7A716100812D}.Ad-Hoc|iPhone.Build.0 = Ad-Hoc|iPhone
		{86D683C8-0029-44A7-8ED1-7A716100812D}.Ad-Hoc|iPhoneSimulator.ActiveCfg = Ad-Hoc|iPhoneSimulator
		{86D683C8-0029-44A7-8ED1-7A716100812D}.Ad-Hoc|iPhoneSimulator.Build.0 = Ad-Hoc|iPhoneSimulator
		{86D683C8-0029-44A7-8ED1-7A716100812D}.Ad-Hoc|x64.ActiveCfg = Ad-Hoc|iPhone
		{86D683C8-0029-44A7-8ED1-7A716100812D}.Ad-Hoc|x86.ActiveCfg = Ad-Hoc|iPhone
		{86D683C8-0029-44A7-8ED1-7A716100812D}.AppStore|Any CPU.ActiveCfg = AppStore|iPhone
		{86D683C8-0029-44A7-8ED1-7A716100812D}.AppStore|ARM.ActiveCfg = AppStore|iPhone
		{86D683C8-0029-44A7-8ED1-7A716100812D}.AppStore|iPhone.ActiveCfg = AppStore|iPhone
		{86D683C8-0029-44A7-8ED1-7A716100812D}.AppStore|iPhone.Build.0 = AppStore|iPhone
		{86D683C8-0029-44A7-8ED1-7A716100812D}.AppStore|iPhoneSimulator.ActiveCfg = AppStore|iPhoneSimulator
		{86D683C8-0029-44A7-8ED1-7A716100812D}.AppStore|iPhoneSimulator.Build.0 = AppStore|iPhoneSimulator
		{86D683C8-0029-44A7-8ED1-7A716100812D}.AppStore|x64.ActiveCfg = AppStore|iPhone
		{86D683C8-0029-44A7-8ED1-7A716100812D}.AppStore|x86.ActiveCfg = AppStore|iPhone
		{86D683C8-0029-44A7-8ED1-7A716100812D}.Debug|Any CPU.ActiveCfg = Debug|iPhone
		{86D683C8-0029-44A7-8ED1-7A716100812D}.Debug|ARM.ActiveCfg = Debug|iPhone
		{86D683C8-0029-44A7-8ED1-7A716100812D}.Debug|iPhone.ActiveCfg = Debug|iPhone
		{86D683C8-0029-44A7-8ED1-7A716100812D}.Debug|iPhone.Build.0 = Debug|iPhone
		{86D683C8-0029-44A7-8ED1-7A716100812D}.Debug|iPhoneSimulator.ActiveCfg = Debug|iPhoneSimulator
		{86D683C8-0029-44A7-8ED1-7A716100812D}.Debug|iPhoneSimulator.Build.0 = Debug|iPhoneSimulator
		{86D683C8-0029-44A7-8ED1-7A716100812D}.Debug|x64.ActiveCfg = Debug|iPhone
		{86D683C8-0029-44A7-8ED1-7A716100812D}.Debug|x86.ActiveCfg = Debug|iPhone
		{86D683C8-0029-44A7-8ED1-7A716100812D}.Release|Any CPU.ActiveCfg = Release|iPhone
		{86D683C8-0029-44A7-8ED1-7A716100812D}.Release|ARM.ActiveCfg = Release|iPhone
		{86D683C8-0029-44A7-8ED1-7A716100812D}.Release|iPhone.ActiveCfg = Release|iPhone
		{86D683C8-0029-44A7-8ED1-7A716100812D}.Release|iPhone.Build.0 = Release|iPhone
		{86D683C8-0029-44A7-8ED1-7A716100812D}.Release|iPhoneSimulator.ActiveCfg = Release|iPhoneSimulator
		{86D683C8-0029-44A7-8ED1-7A716100812D}.Release|iPhoneSimulator.Build.0 = Release|iPhoneSimulator
		{86D683C8-0029-44A7-8ED1-7A716100812D}.Release|x64.ActiveCfg = Release|iPhone
		{86D683C8-0029-44A7-8ED1-7A716100812D}.Release|x86.ActiveCfg = Release|iPhone
		{FA84895C-4310-43F3-86DC-4FAB1DC295B2}.Ad-Hoc|Any CPU.ActiveCfg = Release|x86
		{FA84895C-4310-43F3-86DC-4FAB1DC295B2}.Ad-Hoc|Any CPU.Build.0 = Release|x86
		{FA84895C-4310-43F3-86DC-4FAB1DC295B2}.Ad-Hoc|Any CPU.Deploy.0 = Release|x86
		{FA84895C-4310-43F3-86DC-4FAB1DC295B2}.Ad-Hoc|ARM.ActiveCfg = Release|ARM
		{FA84895C-4310-43F3-86DC-4FAB1DC295B2}.Ad-Hoc|ARM.Build.0 = Release|ARM
		{FA84895C-4310-43F3-86DC-4FAB1DC295B2}.Ad-Hoc|ARM.Deploy.0 = Release|ARM
		{FA84895C-4310-43F3-86DC-4FAB1DC295B2}.Ad-Hoc|iPhone.ActiveCfg = Release|x86
		{FA84895C-4310-43F3-86DC-4FAB1DC295B2}.Ad-Hoc|iPhone.Build.0 = Release|x86
		{FA84895C-4310-43F3-86DC-4FAB1DC295B2}.Ad-Hoc|iPhone.Deploy.0 = Release|x86
		{FA84895C-4310-43F3-86DC-4FAB1DC295B2}.Ad-Hoc|iPhoneSimulator.ActiveCfg = Release|x86
		{FA84895C-4310-43F3-86DC-4FAB1DC295B2}.Ad-Hoc|iPhoneSimulator.Build.0 = Release|x86
		{FA84895C-4310-43F3-86DC-4FAB1DC295B2}.Ad-Hoc|iPhoneSimulator.Deploy.0 = Release|x86
		{FA84895C-4310-43F3-86DC-4FAB1DC295B2}.Ad-Hoc|x64.ActiveCfg = Release|x64
		{FA84895C-4310-43F3-86DC-4FAB1DC295B2}.Ad-Hoc|x64.Build.0 = Release|x64
		{FA84895C-4310-43F3-86DC-4FAB1DC295B2}.Ad-Hoc|x64.Deploy.0 = Release|x64
		{FA84895C-4310-43F3-86DC-4FAB1DC295B2}.Ad-Hoc|x86.ActiveCfg = Release|x86
		{FA84895C-4310-43F3-86DC-4FAB1DC295B2}.Ad-Hoc|x86.Build.0 = Release|x86
		{FA84895C-4310-43F3-86DC-4FAB1DC295B2}.Ad-Hoc|x86.Deploy.0 = Release|x86
		{FA84895C-4310-43F3-86DC-4FAB1DC295B2}.AppStore|Any CPU.ActiveCfg = Release|x86
		{FA84895C-4310-43F3-86DC-4FAB1DC295B2}.AppStore|Any CPU.Build.0 = Release|x86
		{FA84895C-4310-43F3-86DC-4FAB1DC295B2}.AppStore|Any CPU.Deploy.0 = Release|x86
		{FA84895C-4310-43F3-86DC-4FAB1DC295B2}.AppStore|ARM.ActiveCfg = Release|ARM
		{FA84895C-4310-43F3-86DC-4FAB1DC295B2}.AppStore|ARM.Build.0 = Release|ARM
		{FA84895C-4310-43F3-86DC-4FAB1DC295B2}.AppStore|ARM.Deploy.0 = Release|ARM
		{FA84895C-4310-43F3-86DC-4FAB1DC295B2}.AppStore|iPhone.ActiveCfg = Release|x86
		{FA84895C-4310-43F3-86DC-4FAB1DC295B2}.AppStore|iPhone.Build.0 = Release|x86
		{FA84895C-4310-43F3-86DC-4FAB1DC295B2}.AppStore|iPhone.Deploy.0 = Release|x86
		{FA84895C-4310-43F3-86DC-4FAB1DC295B2}.AppStore|iPhoneSimulator.ActiveCfg = Release|x86
		{FA84895C-4310-43F3-86DC-4FAB1DC295B2}.AppStore|iPhoneSimulator.Build.0 = Release|x86
		{FA84895C-4310-43F3-86DC-4FAB1DC295B2}.AppStore|iPhoneSimulator.Deploy.0 = Release|x86
		{FA84895C-4310-43F3-86DC-4FAB1DC295B2}.AppStore|x64.ActiveCfg = Release|x64
		{FA84895C-4310-43F3-86DC-4FAB1DC295B2}.AppStore|x64.Build.0 = Release|x64
		{FA84895C-4310-43F3-86DC-4FAB1DC295B2}.AppStore|x64.Deploy.0 = Release|x64
		{FA84895C-4310-43F3-86DC-4FAB1DC295B2}.AppStore|x86.ActiveCfg = Release|x86
		{FA84895C-4310-43F3-86DC-4FAB1DC295B2}.AppStore|x86.Build.0 = Release|x86
		{FA84895C-4310-43F3-86DC-4FAB1DC295B2}.AppStore|x86.Deploy.0 = Release|x86
		{FA84895C-4310-43F3-86DC-4FAB1DC295B2}.Debug|Any CPU.ActiveCfg = Debug|x86
		{FA84895C-4310-43F3-86DC-4FAB1DC295B2}.Debug|ARM.ActiveCfg = Debug|ARM
		{FA84895C-4310-43F3-86DC-4FAB1DC295B2}.Debug|ARM.Build.0 = Debug|ARM
		{FA84895C-4310-43F3-86DC-4FAB1DC295B2}.Debug|ARM.Deploy.0 = Debug|ARM
		{FA84895C-4310-43F3-86DC-4FAB1DC295B2}.Debug|iPhone.ActiveCfg = Debug|x86
		{FA84895C-4310-43F3-86DC-4FAB1DC295B2}.Debug|iPhoneSimulator.ActiveCfg = Debug|x86
		{FA84895C-4310-43F3-86DC-4FAB1DC295B2}.Debug|x64.ActiveCfg = Debug|x64
		{FA84895C-4310-43F3-86DC-4FAB1DC295B2}.Debug|x64.Build.0 = Debug|x64
		{FA84895C-4310-43F3-86DC-4FAB1DC295B2}.Debug|x64.Deploy.0 = Debug|x64
		{FA84895C-4310-43F3-86DC-4FAB1DC295B2}.Debug|x86.ActiveCfg = Debug|x86
		{FA84895C-4310-43F3-86DC-4FAB1DC295B2}.Debug|x86.Build.0 = Debug|x86
		{FA84895C-4310-43F3-86DC-4FAB1DC295B2}.Debug|x86.Deploy.0 = Debug|x86
		{FA84895C-4310-43F3-86DC-4FAB1DC295B2}.Release|Any CPU.ActiveCfg = Release|x86
		{FA84895C-4310-43F3-86DC-4FAB1DC295B2}.Release|ARM.ActiveCfg = Release|ARM
		{FA84895C-4310-43F3-86DC-4FAB1DC295B2}.Release|ARM.Build.0 = Release|ARM
		{FA84895C-4310-43F3-86DC-4FAB1DC295B2}.Release|ARM.Deploy.0 = Release|ARM
		{FA84895C-4310-43F3-86DC-4FAB1DC295B2}.Release|iPhone.ActiveCfg = Release|x86
		{FA84895C-4310-43F3-86DC-4FAB1DC295B2}.Release|iPhoneSimulator.ActiveCfg = Release|x86
		{FA84895C-4310-43F3-86DC-4FAB1DC295B2}.Release|x64.ActiveCfg = Release|x64
		{FA84895C-4310-43F3-86DC-4FAB1DC295B2}.Release|x64.Build.0 = Release|x64
		{FA84895C-4310-43F3-86DC-4FAB1DC295B2}.Release|x64.Deploy.0 = Release|x64
		{FA84895C-4310-43F3-86DC-4FAB1DC295B2}.Release|x86.ActiveCfg = Release|x86
		{FA84895C-4310-43F3-86DC-4FAB1DC295B2}.Release|x86.Build.0 = Release|x86
		{FA84895C-4310-43F3-86DC-4FAB1DC295B2}.Release|x86.Deploy.0 = Release|x86
		{5F374C5A-9087-42CC-8A97-E850D10BDCBC}.Ad-Hoc|Any CPU.ActiveCfg = Debug|Any CPU
		{5F374C5A-9087-42CC-8A97-E850D10BDCBC}.Ad-Hoc|Any CPU.Build.0 = Debug|Any CPU
		{5F374C5A-9087-42CC-8A97-E850D10BDCBC}.Ad-Hoc|ARM.ActiveCfg = Debug|Any CPU
		{5F374C5A-9087-42CC-8A97-E850D10BDCBC}.Ad-Hoc|ARM.Build.0 = Debug|Any CPU
		{5F374C5A-9087-42CC-8A97-E850D10BDCBC}.Ad-Hoc|iPhone.ActiveCfg = Debug|Any CPU
		{5F374C5A-9087-42CC-8A97-E850D10BDCBC}.Ad-Hoc|iPhone.Build.0 = Debug|Any CPU
		{5F374C5A-9087-42CC-8A97-E850D10BDCBC}.Ad-Hoc|iPhoneSimulator.ActiveCfg = Debug|Any CPU
		{5F374C5A-9087-42CC-8A97-E850D10BDCBC}.Ad-Hoc|iPhoneSimulator.Build.0 = Debug|Any CPU
		{5F374C5A-9087-42CC-8A97-E850D10BDCBC}.Ad-Hoc|x64.ActiveCfg = Debug|Any CPU
		{5F374C5A-9087-42CC-8A97-E850D10BDCBC}.Ad-Hoc|x64.Build.0 = Debug|Any CPU
		{5F374C5A-9087-42CC-8A97-E850D10BDCBC}.Ad-Hoc|x86.ActiveCfg = Debug|Any CPU
		{5F374C5A-9087-42CC-8A97-E850D10BDCBC}.Ad-Hoc|x86.Build.0 = Debug|Any CPU
		{5F374C5A-9087-42CC-8A97-E850D10BDCBC}.AppStore|Any CPU.ActiveCfg = Debug|Any CPU
		{5F374C5A-9087-42CC-8A97-E850D10BDCBC}.AppStore|Any CPU.Build.0 = Debug|Any CPU
		{5F374C5A-9087-42CC-8A97-E850D10BDCBC}.AppStore|ARM.ActiveCfg = Debug|Any CPU
		{5F374C5A-9087-42CC-8A97-E850D10BDCBC}.AppStore|ARM.Build.0 = Debug|Any CPU
		{5F374C5A-9087-42CC-8A97-E850D10BDCBC}.AppStore|iPhone.ActiveCfg = Debug|Any CPU
		{5F374C5A-9087-42CC-8A97-E850D10BDCBC}.AppStore|iPhone.Build.0 = Debug|Any CPU
		{5F374C5A-9087-42CC-8A97-E850D10BDCBC}.AppStore|iPhoneSimulator.ActiveCfg = Debug|Any CPU
		{5F374C5A-9087-42CC-8A97-E850D10BDCBC}.AppStore|iPhoneSimulator.Build.0 = Debug|Any CPU
		{5F374C5A-9087-42CC-8A97-E850D10BDCBC}.AppStore|x64.ActiveCfg = Debug|Any CPU
		{5F374C5A-9087-42CC-8A97-E850D10BDCBC}.AppStore|x64.Build.0 = Debug|Any CPU
		{5F374C5A-9087-42CC-8A97-E850D10BDCBC}.AppStore|x86.ActiveCfg = Debug|Any CPU
		{5F374C5A-9087-42CC-8A97-E850D10BDCBC}.AppStore|x86.Build.0 = Debug|Any CPU
		{5F374C5A-9087-42CC-8A97-E850D10BDCBC}.Debug|Any CPU.ActiveCfg = Debug|Any CPU
		{5F374C5A-9087-42CC-8A97-E850D10BDCBC}.Debug|Any CPU.Build.0 = Debug|Any CPU
		{5F374C5A-9087-42CC-8A97-E850D10BDCBC}.Debug|ARM.ActiveCfg = Debug|Any CPU
		{5F374C5A-9087-42CC-8A97-E850D10BDCBC}.Debug|ARM.Build.0 = Debug|Any CPU
		{5F374C5A-9087-42CC-8A97-E850D10BDCBC}.Debug|iPhone.ActiveCfg = Debug|Any CPU
		{5F374C5A-9087-42CC-8A97-E850D10BDCBC}.Debug|iPhone.Build.0 = Debug|Any CPU
		{5F374C5A-9087-42CC-8A97-E850D10BDCBC}.Debug|iPhoneSimulator.ActiveCfg = Debug|Any CPU
		{5F374C5A-9087-42CC-8A97-E850D10BDCBC}.Debug|iPhoneSimulator.Build.0 = Debug|Any CPU
		{5F374C5A-9087-42CC-8A97-E850D10BDCBC}.Debug|x64.ActiveCfg = Debug|Any CPU
		{5F374C5A-9087-42CC-8A97-E850D10BDCBC}.Debug|x64.Build.0 = Debug|Any CPU
		{5F374C5A-9087-42CC-8A97-E850D10BDCBC}.Debug|x86.ActiveCfg = Debug|Any CPU
		{5F374C5A-9087-42CC-8A97-E850D10BDCBC}.Debug|x86.Build.0 = Debug|Any CPU
		{5F374C5A-9087-42CC-8A97-E850D10BDCBC}.Release|Any CPU.ActiveCfg = Release|Any CPU
		{5F374C5A-9087-42CC-8A97-E850D10BDCBC}.Release|Any CPU.Build.0 = Release|Any CPU
		{5F374C5A-9087-42CC-8A97-E850D10BDCBC}.Release|ARM.ActiveCfg = Release|Any CPU
		{5F374C5A-9087-42CC-8A97-E850D10BDCBC}.Release|ARM.Build.0 = Release|Any CPU
		{5F374C5A-9087-42CC-8A97-E850D10BDCBC}.Release|iPhone.ActiveCfg = Release|Any CPU
		{5F374C5A-9087-42CC-8A97-E850D10BDCBC}.Release|iPhone.Build.0 = Release|Any CPU
		{5F374C5A-9087-42CC-8A97-E850D10BDCBC}.Release|iPhoneSimulator.ActiveCfg = Release|Any CPU
		{5F374C5A-9087-42CC-8A97-E850D10BDCBC}.Release|iPhoneSimulator.Build.0 = Release|Any CPU
		{5F374C5A-9087-42CC-8A97-E850D10BDCBC}.Release|x64.ActiveCfg = Release|Any CPU
		{5F374C5A-9087-42CC-8A97-E850D10BDCBC}.Release|x64.Build.0 = Release|Any CPU
		{5F374C5A-9087-42CC-8A97-E850D10BDCBC}.Release|x86.ActiveCfg = Release|Any CPU
		{5F374C5A-9087-42CC-8A97-E850D10BDCBC}.Release|x86.Build.0 = Release|Any CPU
		{53347011-CD01-4A8D-B94E-E5F2CFDDE9C3}.Ad-Hoc|Any CPU.ActiveCfg = Debug|Any CPU
		{53347011-CD01-4A8D-B94E-E5F2CFDDE9C3}.Ad-Hoc|Any CPU.Build.0 = Debug|Any CPU
		{53347011-CD01-4A8D-B94E-E5F2CFDDE9C3}.Ad-Hoc|ARM.ActiveCfg = Debug|Any CPU
		{53347011-CD01-4A8D-B94E-E5F2CFDDE9C3}.Ad-Hoc|ARM.Build.0 = Debug|Any CPU
		{53347011-CD01-4A8D-B94E-E5F2CFDDE9C3}.Ad-Hoc|iPhone.ActiveCfg = Debug|Any CPU
		{53347011-CD01-4A8D-B94E-E5F2CFDDE9C3}.Ad-Hoc|iPhone.Build.0 = Debug|Any CPU
		{53347011-CD01-4A8D-B94E-E5F2CFDDE9C3}.Ad-Hoc|iPhoneSimulator.ActiveCfg = Debug|Any CPU
		{53347011-CD01-4A8D-B94E-E5F2CFDDE9C3}.Ad-Hoc|iPhoneSimulator.Build.0 = Debug|Any CPU
		{53347011-CD01-4A8D-B94E-E5F2CFDDE9C3}.Ad-Hoc|x64.ActiveCfg = Debug|Any CPU
		{53347011-CD01-4A8D-B94E-E5F2CFDDE9C3}.Ad-Hoc|x64.Build.0 = Debug|Any CPU
		{53347011-CD01-4A8D-B94E-E5F2CFDDE9C3}.Ad-Hoc|x86.ActiveCfg = Debug|Any CPU
		{53347011-CD01-4A8D-B94E-E5F2CFDDE9C3}.Ad-Hoc|x86.Build.0 = Debug|Any CPU
		{53347011-CD01-4A8D-B94E-E5F2CFDDE9C3}.AppStore|Any CPU.ActiveCfg = Debug|Any CPU
		{53347011-CD01-4A8D-B94E-E5F2CFDDE9C3}.AppStore|Any CPU.Build.0 = Debug|Any CPU
		{53347011-CD01-4A8D-B94E-E5F2CFDDE9C3}.AppStore|ARM.ActiveCfg = Debug|Any CPU
		{53347011-CD01-4A8D-B94E-E5F2CFDDE9C3}.AppStore|ARM.Build.0 = Debug|Any CPU
		{53347011-CD01-4A8D-B94E-E5F2CFDDE9C3}.AppStore|iPhone.ActiveCfg = Debug|Any CPU
		{53347011-CD01-4A8D-B94E-E5F2CFDDE9C3}.AppStore|iPhone.Build.0 = Debug|Any CPU
		{53347011-CD01-4A8D-B94E-E5F2CFDDE9C3}.AppStore|iPhoneSimulator.ActiveCfg = Debug|Any CPU
		{53347011-CD01-4A8D-B94E-E5F2CFDDE9C3}.AppStore|iPhoneSimulator.Build.0 = Debug|Any CPU
		{53347011-CD01-4A8D-B94E-E5F2CFDDE9C3}.AppStore|x64.ActiveCfg = Debug|Any CPU
		{53347011-CD01-4A8D-B94E-E5F2CFDDE9C3}.AppStore|x64.Build.0 = Debug|Any CPU
		{53347011-CD01-4A8D-B94E-E5F2CFDDE9C3}.AppStore|x86.ActiveCfg = Debug|Any CPU
		{53347011-CD01-4A8D-B94E-E5F2CFDDE9C3}.AppStore|x86.Build.0 = Debug|Any CPU
		{53347011-CD01-4A8D-B94E-E5F2CFDDE9C3}.Debug|Any CPU.ActiveCfg = Debug|Any CPU
		{53347011-CD01-4A8D-B94E-E5F2CFDDE9C3}.Debug|Any CPU.Build.0 = Debug|Any CPU
		{53347011-CD01-4A8D-B94E-E5F2CFDDE9C3}.Debug|ARM.ActiveCfg = Debug|Any CPU
		{53347011-CD01-4A8D-B94E-E5F2CFDDE9C3}.Debug|ARM.Build.0 = Debug|Any CPU
		{53347011-CD01-4A8D-B94E-E5F2CFDDE9C3}.Debug|iPhone.ActiveCfg = Debug|Any CPU
		{53347011-CD01-4A8D-B94E-E5F2CFDDE9C3}.Debug|iPhone.Build.0 = Debug|Any CPU
		{53347011-CD01-4A8D-B94E-E5F2CFDDE9C3}.Debug|iPhoneSimulator.ActiveCfg = Debug|Any CPU
		{53347011-CD01-4A8D-B94E-E5F2CFDDE9C3}.Debug|iPhoneSimulator.Build.0 = Debug|Any CPU
		{53347011-CD01-4A8D-B94E-E5F2CFDDE9C3}.Debug|x64.ActiveCfg = Debug|Any CPU
		{53347011-CD01-4A8D-B94E-E5F2CFDDE9C3}.Debug|x64.Build.0 = Debug|Any CPU
		{53347011-CD01-4A8D-B94E-E5F2CFDDE9C3}.Debug|x86.ActiveCfg = Debug|Any CPU
		{53347011-CD01-4A8D-B94E-E5F2CFDDE9C3}.Debug|x86.Build.0 = Debug|Any CPU
		{53347011-CD01-4A8D-B94E-E5F2CFDDE9C3}.Release|Any CPU.ActiveCfg = Release|Any CPU
		{53347011-CD01-4A8D-B94E-E5F2CFDDE9C3}.Release|Any CPU.Build.0 = Release|Any CPU
		{53347011-CD01-4A8D-B94E-E5F2CFDDE9C3}.Release|ARM.ActiveCfg = Release|Any CPU
		{53347011-CD01-4A8D-B94E-E5F2CFDDE9C3}.Release|ARM.Build.0 = Release|Any CPU
		{53347011-CD01-4A8D-B94E-E5F2CFDDE9C3}.Release|iPhone.ActiveCfg = Release|Any CPU
		{53347011-CD01-4A8D-B94E-E5F2CFDDE9C3}.Release|iPhone.Build.0 = Release|Any CPU
		{53347011-CD01-4A8D-B94E-E5F2CFDDE9C3}.Release|iPhoneSimulator.ActiveCfg = Release|Any CPU
		{53347011-CD01-4A8D-B94E-E5F2CFDDE9C3}.Release|iPhoneSimulator.Build.0 = Release|Any CPU
		{53347011-CD01-4A8D-B94E-E5F2CFDDE9C3}.Release|x64.ActiveCfg = Release|Any CPU
		{53347011-CD01-4A8D-B94E-E5F2CFDDE9C3}.Release|x64.Build.0 = Release|Any CPU
		{53347011-CD01-4A8D-B94E-E5F2CFDDE9C3}.Release|x86.ActiveCfg = Release|Any CPU
		{53347011-CD01-4A8D-B94E-E5F2CFDDE9C3}.Release|x86.Build.0 = Release|Any CPU
		{0EA000DF-4178-4678-8CB5-0D4DBE73BDC8}.Ad-Hoc|Any CPU.ActiveCfg = Debug|Any CPU
		{0EA000DF-4178-4678-8CB5-0D4DBE73BDC8}.Ad-Hoc|Any CPU.Build.0 = Debug|Any CPU
		{0EA000DF-4178-4678-8CB5-0D4DBE73BDC8}.Ad-Hoc|ARM.ActiveCfg = Debug|Any CPU
		{0EA000DF-4178-4678-8CB5-0D4DBE73BDC8}.Ad-Hoc|ARM.Build.0 = Debug|Any CPU
		{0EA000DF-4178-4678-8CB5-0D4DBE73BDC8}.Ad-Hoc|iPhone.ActiveCfg = Debug|Any CPU
		{0EA000DF-4178-4678-8CB5-0D4DBE73BDC8}.Ad-Hoc|iPhone.Build.0 = Debug|Any CPU
		{0EA000DF-4178-4678-8CB5-0D4DBE73BDC8}.Ad-Hoc|iPhoneSimulator.ActiveCfg = Debug|Any CPU
		{0EA000DF-4178-4678-8CB5-0D4DBE73BDC8}.Ad-Hoc|iPhoneSimulator.Build.0 = Debug|Any CPU
		{0EA000DF-4178-4678-8CB5-0D4DBE73BDC8}.Ad-Hoc|x64.ActiveCfg = Debug|Any CPU
		{0EA000DF-4178-4678-8CB5-0D4DBE73BDC8}.Ad-Hoc|x64.Build.0 = Debug|Any CPU
		{0EA000DF-4178-4678-8CB5-0D4DBE73BDC8}.Ad-Hoc|x86.ActiveCfg = Debug|Any CPU
		{0EA000DF-4178-4678-8CB5-0D4DBE73BDC8}.Ad-Hoc|x86.Build.0 = Debug|Any CPU
		{0EA000DF-4178-4678-8CB5-0D4DBE73BDC8}.AppStore|Any CPU.ActiveCfg = Debug|Any CPU
		{0EA000DF-4178-4678-8CB5-0D4DBE73BDC8}.AppStore|Any CPU.Build.0 = Debug|Any CPU
		{0EA000DF-4178-4678-8CB5-0D4DBE73BDC8}.AppStore|ARM.ActiveCfg = Debug|Any CPU
		{0EA000DF-4178-4678-8CB5-0D4DBE73BDC8}.AppStore|ARM.Build.0 = Debug|Any CPU
		{0EA000DF-4178-4678-8CB5-0D4DBE73BDC8}.AppStore|iPhone.ActiveCfg = Debug|Any CPU
		{0EA000DF-4178-4678-8CB5-0D4DBE73BDC8}.AppStore|iPhone.Build.0 = Debug|Any CPU
		{0EA000DF-4178-4678-8CB5-0D4DBE73BDC8}.AppStore|iPhoneSimulator.ActiveCfg = Debug|Any CPU
		{0EA000DF-4178-4678-8CB5-0D4DBE73BDC8}.AppStore|iPhoneSimulator.Build.0 = Debug|Any CPU
		{0EA000DF-4178-4678-8CB5-0D4DBE73BDC8}.AppStore|x64.ActiveCfg = Debug|Any CPU
		{0EA000DF-4178-4678-8CB5-0D4DBE73BDC8}.AppStore|x64.Build.0 = Debug|Any CPU
		{0EA000DF-4178-4678-8CB5-0D4DBE73BDC8}.AppStore|x86.ActiveCfg = Debug|Any CPU
		{0EA000DF-4178-4678-8CB5-0D4DBE73BDC8}.AppStore|x86.Build.0 = Debug|Any CPU
		{0EA000DF-4178-4678-8CB5-0D4DBE73BDC8}.Debug|Any CPU.ActiveCfg = Debug|Any CPU
		{0EA000DF-4178-4678-8CB5-0D4DBE73BDC8}.Debug|Any CPU.Build.0 = Debug|Any CPU
		{0EA000DF-4178-4678-8CB5-0D4DBE73BDC8}.Debug|ARM.ActiveCfg = Debug|Any CPU
		{0EA000DF-4178-4678-8CB5-0D4DBE73BDC8}.Debug|ARM.Build.0 = Debug|Any CPU
		{0EA000DF-4178-4678-8CB5-0D4DBE73BDC8}.Debug|iPhone.ActiveCfg = Debug|Any CPU
		{0EA000DF-4178-4678-8CB5-0D4DBE73BDC8}.Debug|iPhone.Build.0 = Debug|Any CPU
		{0EA000DF-4178-4678-8CB5-0D4DBE73BDC8}.Debug|iPhoneSimulator.ActiveCfg = Debug|Any CPU
		{0EA000DF-4178-4678-8CB5-0D4DBE73BDC8}.Debug|iPhoneSimulator.Build.0 = Debug|Any CPU
		{0EA000DF-4178-4678-8CB5-0D4DBE73BDC8}.Debug|x64.ActiveCfg = Debug|Any CPU
		{0EA000DF-4178-4678-8CB5-0D4DBE73BDC8}.Debug|x64.Build.0 = Debug|Any CPU
		{0EA000DF-4178-4678-8CB5-0D4DBE73BDC8}.Debug|x86.ActiveCfg = Debug|Any CPU
		{0EA000DF-4178-4678-8CB5-0D4DBE73BDC8}.Debug|x86.Build.0 = Debug|Any CPU
		{0EA000DF-4178-4678-8CB5-0D4DBE73BDC8}.Release|Any CPU.ActiveCfg = Release|Any CPU
		{0EA000DF-4178-4678-8CB5-0D4DBE73BDC8}.Release|Any CPU.Build.0 = Release|Any CPU
		{0EA000DF-4178-4678-8CB5-0D4DBE73BDC8}.Release|ARM.ActiveCfg = Release|Any CPU
		{0EA000DF-4178-4678-8CB5-0D4DBE73BDC8}.Release|ARM.Build.0 = Release|Any CPU
		{0EA000DF-4178-4678-8CB5-0D4DBE73BDC8}.Release|iPhone.ActiveCfg = Release|Any CPU
		{0EA000DF-4178-4678-8CB5-0D4DBE73BDC8}.Release|iPhone.Build.0 = Release|Any CPU
		{0EA000DF-4178-4678-8CB5-0D4DBE73BDC8}.Release|iPhoneSimulator.ActiveCfg = Release|Any CPU
		{0EA000DF-4178-4678-8CB5-0D4DBE73BDC8}.Release|iPhoneSimulator.Build.0 = Release|Any CPU
		{0EA000DF-4178-4678-8CB5-0D4DBE73BDC8}.Release|x64.ActiveCfg = Release|Any CPU
		{0EA000DF-4178-4678-8CB5-0D4DBE73BDC8}.Release|x64.Build.0 = Release|Any CPU
		{0EA000DF-4178-4678-8CB5-0D4DBE73BDC8}.Release|x86.ActiveCfg = Release|Any CPU
		{0EA000DF-4178-4678-8CB5-0D4DBE73BDC8}.Release|x86.Build.0 = Release|Any CPU
	EndGlobalSection
	GlobalSection(SolutionProperties) = preSolution
		HideSolutionNode = FALSE
	EndGlobalSection
	GlobalSection(ExtensibilityGlobals) = postSolution
		SolutionGuid = {7D1A50D1-F6C7-403F-BB80-5DEEA3AA2EB0}
	EndGlobalSection
EndGlobal
